
Microsoft Visual Studio Solution File, Format Version 12.00
# Visual Studio Version 16
VisualStudioVersion = 16.0.30503.244
MinimumVisualStudioVersion = 10.0.40219.1
Project("{8BC9CEB8-8B4A-11D0-8D11-00A0C91BC942}") = "Crc2Hex", "Crc2Hex\Crc2Hex.vcxproj", "{54280D3E-412F-4190-BFDF-DBDC47040975}"
EndProject
Global
	GlobalSection(SolutionConfigurationPlatforms) = preSolution
		Debug|x64 = Debug|x64
		Debug|x86 = Debug|x86
		Release|x64 = Release|x64
		Release|x86 = Release|x86
	EndGlobalSection
	GlobalSection(ProjectConfigurationPlatforms) = postSolution
		{54280D3E-412F-4190-BFDF-DBDC47040975}.Debug|x64.ActiveCfg = Debug|x64
		{54280D3E-412F-4190-BFDF-DBDC47040975}.Debug|x64.Build.0 = Debug|x64
		{54280D3E-412F-4190-BFDF-DBDC47040975}.Debug|x86.ActiveCfg = Debug|Win32
		{54280D3E-412F-4190-BFDF-DBDC47040975}.Debug|x86.Build.0 = Debug|Win32
		{54280D3E-412F-4190-BFDF-DBDC47040975}.Release|x64.ActiveCfg = Release|x64
		{54280D3E-412F-4190-BFDF-DBDC47040975}.Release|x64.Build.0 = Release|x64
		{54280D3E-412F-4190-BFDF-DBDC47040975}.Release|x86.ActiveCfg = Release|Win32
		{54280D3E-412F-4190-BFDF-DBDC47040975}.Release|x86.Build.0 = Release|Win32
	EndGlobalSection
	GlobalSection(SolutionProperties) = preSolution
		HideSolutionNode = FALSE
	EndGlobalSection
	GlobalSection(ExtensibilityGlobals) = postSolution
		SolutionGuid = {3876596F-A78B-47D7-8D6B-4BE718489F4E}
	EndGlobalSection
EndGlobal
